
Microsoft Visual Studio Solution File, Format Version 12.00
# Visual Studio Version 17
VisualStudioVersion = 17.0.31919.166
MinimumVisualStudioVersion = 10.0.40219.1
Project("{FAE04EC0-301F-11D3-BF4B-00C04F79EFBC}") = "CSV-CONSOLA", "CSV-CONSOLA.csproj", "{EC5EBD66-5FFD-4A56-8636-19E1E7262FF5}"
EndProject
Global
	GlobalSection(SolutionConfigurationPlatforms) = preSolution
		Debug|Any CPU = Debug|Any CPU
		Release|Any CPU = Release|Any CPU
	EndGlobalSection
	GlobalSection(ProjectConfigurationPlatforms) = postSolution
		{EC5EBD66-5FFD-4A56-8636-19E1E7262FF5}.Debug|Any CPU.ActiveCfg = Debug|Any CPU
		{EC5EBD66-5FFD-4A56-8636-19E1E7262FF5}.Debug|Any CPU.Build.0 = Debug|Any CPU
		{EC5EBD66-5FFD-4A56-8636-19E1E7262FF5}.Release|Any CPU.ActiveCfg = Release|Any CPU
		{EC5EBD66-5FFD-4A56-8636-19E1E7262FF5}.Release|Any CPU.Build.0 = Release|Any CPU
	EndGlobalSection
	GlobalSection(SolutionProperties) = preSolution
		HideSolutionNode = FALSE
	EndGlobalSection
	GlobalSection(ExtensibilityGlobals) = postSolution
		SolutionGuid = {0EEE10D0-27E4-4842-BD10-7A2A875FA618}
	EndGlobalSection
EndGlobal
